// !$*UTF8*$!
{
	archiveVersion = 1;
	classes = {
	};
	objectVersion = 56;
	objects = {

/* Begin PBXBuildFile section */
		38228B732B470EF300702260 /* FollowerListVC.swift in Sources */ = {isa = PBXBuildFile; fileRef = 38228B722B470EF300702260 /* FollowerListVC.swift */; };
		38228B752B47139B00702260 /* GFTitleLabel.swift in Sources */ = {isa = PBXBuildFile; fileRef = 38228B742B47139B00702260 /* GFTitleLabel.swift */; };
		38646E592B44A367006753F2 /* AppDelegate.swift in Sources */ = {isa = PBXBuildFile; fileRef = 38646E582B44A367006753F2 /* AppDelegate.swift */; };
		38646E5B2B44A367006753F2 /* SceneDelegate.swift in Sources */ = {isa = PBXBuildFile; fileRef = 38646E5A2B44A367006753F2 /* SceneDelegate.swift */; };
		38646E622B44A369006753F2 /* Assets.xcassets in Resources */ = {isa = PBXBuildFile; fileRef = 38646E612B44A369006753F2 /* Assets.xcassets */; };
		38646E652B44A369006753F2 /* LaunchScreen.storyboard in Resources */ = {isa = PBXBuildFile; fileRef = 38646E632B44A369006753F2 /* LaunchScreen.storyboard */; };
		38646E6D2B44A6DB006753F2 /* SearchVC.swift in Sources */ = {isa = PBXBuildFile; fileRef = 38646E6C2B44A6DB006753F2 /* SearchVC.swift */; };
		38646E6F2B44A710006753F2 /* FavoritesListVC.swift in Sources */ = {isa = PBXBuildFile; fileRef = 38646E6E2B44A710006753F2 /* FavoritesListVC.swift */; };
		38646E712B44AA1B006753F2 /* GFButton.swift in Sources */ = {isa = PBXBuildFile; fileRef = 38646E702B44AA1B006753F2 /* GFButton.swift */; };
		38646E732B44AD46006753F2 /* GFTextField.swift in Sources */ = {isa = PBXBuildFile; fileRef = 38646E722B44AD46006753F2 /* GFTextField.swift */; };
		38B43A192B48896A000CBB10 /* GFBodyLabel.swift in Sources */ = {isa = PBXBuildFile; fileRef = 38B43A182B48896A000CBB10 /* GFBodyLabel.swift */; };
		38B43A1B2B488A1F000CBB10 /* GFAlertVC.swift in Sources */ = {isa = PBXBuildFile; fileRef = 38B43A1A2B488A1F000CBB10 /* GFAlertVC.swift */; };
		38B43A1D2B488F86000CBB10 /* UIViewController + Ext.swift in Sources */ = {isa = PBXBuildFile; fileRef = 38B43A1C2B488F86000CBB10 /* UIViewController + Ext.swift */; };
/* End PBXBuildFile section */

/* Begin PBXFileReference section */
		38228B722B470EF300702260 /* FollowerListVC.swift */ = {isa = PBXFileReference; lastKnownFileType = sourcecode.swift; path = FollowerListVC.swift; sourceTree = "<group>"; };
		38228B742B47139B00702260 /* GFTitleLabel.swift */ = {isa = PBXFileReference; lastKnownFileType = sourcecode.swift; path = GFTitleLabel.swift; sourceTree = "<group>"; };
		38646E552B44A367006753F2 /* TakeHomeApp.app */ = {isa = PBXFileReference; explicitFileType = wrapper.application; includeInIndex = 0; path = TakeHomeApp.app; sourceTree = BUILT_PRODUCTS_DIR; };
		38646E582B44A367006753F2 /* AppDelegate.swift */ = {isa = PBXFileReference; lastKnownFileType = sourcecode.swift; path = AppDelegate.swift; sourceTree = "<group>"; };
		38646E5A2B44A367006753F2 /* SceneDelegate.swift */ = {isa = PBXFileReference; lastKnownFileType = sourcecode.swift; path = SceneDelegate.swift; sourceTree = "<group>"; };
		38646E612B44A369006753F2 /* Assets.xcassets */ = {isa = PBXFileReference; lastKnownFileType = folder.assetcatalog; path = Assets.xcassets; sourceTree = "<group>"; };
		38646E642B44A369006753F2 /* Base */ = {isa = PBXFileReference; lastKnownFileType = file.storyboard; name = Base; path = Base.lproj/LaunchScreen.storyboard; sourceTree = "<group>"; };
		38646E662B44A369006753F2 /* Info.plist */ = {isa = PBXFileReference; lastKnownFileType = text.plist.xml; path = Info.plist; sourceTree = "<group>"; };
		38646E6C2B44A6DB006753F2 /* SearchVC.swift */ = {isa = PBXFileReference; lastKnownFileType = sourcecode.swift; path = SearchVC.swift; sourceTree = "<group>"; };
		38646E6E2B44A710006753F2 /* FavoritesListVC.swift */ = {isa = PBXFileReference; lastKnownFileType = sourcecode.swift; path = FavoritesListVC.swift; sourceTree = "<group>"; };
		38646E702B44AA1B006753F2 /* GFButton.swift */ = {isa = PBXFileReference; lastKnownFileType = sourcecode.swift; path = GFButton.swift; sourceTree = "<group>"; };
		38646E722B44AD46006753F2 /* GFTextField.swift */ = {isa = PBXFileReference; lastKnownFileType = sourcecode.swift; path = GFTextField.swift; sourceTree = "<group>"; };
		38B43A182B48896A000CBB10 /* GFBodyLabel.swift */ = {isa = PBXFileReference; lastKnownFileType = sourcecode.swift; path = GFBodyLabel.swift; sourceTree = "<group>"; };
		38B43A1A2B488A1F000CBB10 /* GFAlertVC.swift */ = {isa = PBXFileReference; lastKnownFileType = sourcecode.swift; path = GFAlertVC.swift; sourceTree = "<group>"; };
		38B43A1C2B488F86000CBB10 /* UIViewController + Ext.swift */ = {isa = PBXFileReference; lastKnownFileType = sourcecode.swift; path = "UIViewController + Ext.swift"; sourceTree = "<group>"; };
/* End PBXFileReference section */

/* Begin PBXFrameworksBuildPhase section */
		38646E522B44A367006753F2 /* Frameworks */ = {
			isa = PBXFrameworksBuildPhase;
			buildActionMask = 2147483647;
			files = (
			);
			runOnlyForDeploymentPostprocessing = 0;
		};
/* End PBXFrameworksBuildPhase section */

/* Begin PBXGroup section */
		38646E4C2B44A367006753F2 = {
			isa = PBXGroup;
			children = (
				38646E572B44A367006753F2 /* TakeHomeApp */,
				38646E562B44A367006753F2 /* Products */,
			);
			sourceTree = "<group>";
		};
		38646E562B44A367006753F2 /* Products */ = {
			isa = PBXGroup;
			children = (
				38646E552B44A367006753F2 /* TakeHomeApp.app */,
			);
			name = Products;
			sourceTree = "<group>";
		};
		38646E572B44A367006753F2 /* TakeHomeApp */ = {
			isa = PBXGroup;
			children = (
				38646E582B44A367006753F2 /* AppDelegate.swift */,
				38646E5A2B44A367006753F2 /* SceneDelegate.swift */,
				38646E702B44AA1B006753F2 /* GFButton.swift */,
				38646E722B44AD46006753F2 /* GFTextField.swift */,
				38646E6C2B44A6DB006753F2 /* SearchVC.swift */,
				38646E6E2B44A710006753F2 /* FavoritesListVC.swift */,
				38B43A1A2B488A1F000CBB10 /* GFAlertVC.swift */,
				38228B722B470EF300702260 /* FollowerListVC.swift */,
				38228B742B47139B00702260 /* GFTitleLabel.swift */,
				38B43A182B48896A000CBB10 /* GFBodyLabel.swift */,
				38646E612B44A369006753F2 /* Assets.xcassets */,
				38646E632B44A369006753F2 /* LaunchScreen.storyboard */,
				38646E662B44A369006753F2 /* Info.plist */,
				38B43A1C2B488F86000CBB10 /* UIViewController + Ext.swift */,
			);
			path = TakeHomeApp;
			sourceTree = "<group>";
		};
/* End PBXGroup section */

/* Begin PBXNativeTarget section */
		38646E542B44A367006753F2 /* TakeHomeApp */ = {
			isa = PBXNativeTarget;
			buildConfigurationList = 38646E692B44A369006753F2 /* Build configuration list for PBXNativeTarget "TakeHomeApp" */;
			buildPhases = (
				38646E512B44A367006753F2 /* Sources */,
				38646E522B44A367006753F2 /* Frameworks */,
				38646E532B44A367006753F2 /* Resources */,
			);
			buildRules = (
			);
			dependencies = (
			);
			name = TakeHomeApp;
			productName = TakeHomeApp;
			productReference = 38646E552B44A367006753F2 /* TakeHomeApp.app */;
			productType = "com.apple.product-type.application";
		};
/* End PBXNativeTarget section */

/* Begin PBXProject section */
		38646E4D2B44A367006753F2 /* Project object */ = {
			isa = PBXProject;
			attributes = {
				BuildIndependentTargetsInParallel = 1;
				LastSwiftUpdateCheck = 1510;
				LastUpgradeCheck = 1510;
				TargetAttributes = {
					38646E542B44A367006753F2 = {
						CreatedOnToolsVersion = 15.1;
					};
				};
			};
			buildConfigurationList = 38646E502B44A367006753F2 /* Build configuration list for PBXProject "TakeHomeApp" */;
			compatibilityVersion = "Xcode 14.0";
			developmentRegion = en;
			hasScannedForEncodings = 0;
			knownRegions = (
				en,
				Base,
			);
			mainGroup = 38646E4C2B44A367006753F2;
			productRefGroup = 38646E562B44A367006753F2 /* Products */;
			projectDirPath = "";
			projectRoot = "";
			targets = (
				38646E542B44A367006753F2 /* TakeHomeApp */,
			);
		};
/* End PBXProject section */

/* Begin PBXResourcesBuildPhase section */
		38646E532B44A367006753F2 /* Resources */ = {
			isa = PBXResourcesBuildPhase;
			buildActionMask = 2147483647;
			files = (
				38646E652B44A369006753F2 /* LaunchScreen.storyboard in Resources */,
				38646E622B44A369006753F2 /* Assets.xcassets in Resources */,
			);
			runOnlyForDeploymentPostprocessing = 0;
		};
/* End PBXResourcesBuildPhase section */

/* Begin PBXSourcesBuildPhase section */
		38646E512B44A367006753F2 /* Sources */ = {
			isa = PBXSourcesBuildPhase;
			buildActionMask = 2147483647;
			files = (
				38646E732B44AD46006753F2 /* GFTextField.swift in Sources */,
				38646E6F2B44A710006753F2 /* FavoritesListVC.swift in Sources */,
				38B43A1D2B488F86000CBB10 /* UIViewController + Ext.swift in Sources */,
				38646E712B44AA1B006753F2 /* GFButton.swift in Sources */,
				38646E6D2B44A6DB006753F2 /* SearchVC.swift in Sources */,
				38B43A1B2B488A1F000CBB10 /* GFAlertVC.swift in Sources */,
				38B43A192B48896A000CBB10 /* GFBodyLabel.swift in Sources */,
				38228B752B47139B00702260 /* GFTitleLabel.swift in Sources */,
				38228B732B470EF300702260 /* FollowerListVC.swift in Sources */,
				38646E592B44A367006753F2 /* AppDelegate.swift in Sources */,
				38646E5B2B44A367006753F2 /* SceneDelegate.swift in Sources */,
			);
			runOnlyForDeploymentPostprocessing = 0;
		};
/* End PBXSourcesBuildPhase section */

/* Begin PBXVariantGroup section */
		38646E632B44A369006753F2 /* LaunchScreen.storyboard */ = {
			isa = PBXVariantGroup;
			children = (
				38646E642B44A369006753F2 /* Base */,
			);
			name = LaunchScreen.storyboard;
			sourceTree = "<group>";
		};
/* End PBXVariantGroup section */

/* Begin XCBuildConfiguration section */
		38646E672B44A369006753F2 /* Debug */ = {
			isa = XCBuildConfiguration;
			buildSettings = {
				ALWAYS_SEARCH_USER_PATHS = NO;
				ASSETCATALOG_COMPILER_GENERATE_SWIFT_ASSET_SYMBOL_EXTENSIONS = YES;
				CLANG_ANALYZER_NONNULL = YES;
				CLANG_ANALYZER_NUMBER_OBJECT_CONVERSION = YES_AGGRESSIVE;
				CLANG_CXX_LANGUAGE_STANDARD = "gnu++20";
				CLANG_ENABLE_MODULES = YES;
				CLANG_ENABLE_OBJC_ARC = YES;
				CLANG_ENABLE_OBJC_WEAK = YES;
				CLANG_WARN_BLOCK_CAPTURE_AUTORELEASING = YES;
				CLANG_WARN_BOOL_CONVERSION = YES;
				CLANG_WARN_COMMA = YES;
				CLANG_WARN_CONSTANT_CONVERSION = YES;
				CLANG_WARN_DEPRECATED_OBJC_IMPLEMENTATIONS = YES;
				CLANG_WARN_DIRECT_OBJC_ISA_USAGE = YES_ERROR;
				CLANG_WARN_DOCUMENTATION_COMMENTS = YES;
				CLANG_WARN_EMPTY_BODY = YES;
				CLANG_WARN_ENUM_CONVERSION = YES;
				CLANG_WARN_INFINITE_RECURSION = YES;
				CLANG_WARN_INT_CONVERSION = YES;
				CLANG_WARN_NON_LITERAL_NULL_CONVERSION = YES;
				CLANG_WARN_OBJC_IMPLICIT_RETAIN_SELF = YES;
				CLANG_WARN_OBJC_LITERAL_CONVERSION = YES;
				CLANG_WARN_OBJC_ROOT_CLASS = YES_ERROR;
				CLANG_WARN_QUOTED_INCLUDE_IN_FRAMEWORK_HEADER = YES;
				CLANG_WARN_RANGE_LOOP_ANALYSIS = YES;
				CLANG_WARN_STRICT_PROTOTYPES = YES;
				CLANG_WARN_SUSPICIOUS_MOVE = YES;
				CLANG_WARN_UNGUARDED_AVAILABILITY = YES_AGGRESSIVE;
				CLANG_WARN_UNREACHABLE_CODE = YES;
				CLANG_WARN__DUPLICATE_METHOD_MATCH = YES;
				COPY_PHASE_STRIP = NO;
				DEBUG_INFORMATION_FORMAT = dwarf;
				ENABLE_STRICT_OBJC_MSGSEND = YES;
				ENABLE_TESTABILITY = YES;
				ENABLE_USER_SCRIPT_SANDBOXING = YES;
				GCC_C_LANGUAGE_STANDARD = gnu17;
				GCC_DYNAMIC_NO_PIC = NO;
				GCC_NO_COMMON_BLOCKS = YES;
				GCC_OPTIMIZATION_LEVEL = 0;
				GCC_PREPROCESSOR_DEFINITIONS = (
					"DEBUG=1",
					"$(inherited)",
				);
				GCC_WARN_64_TO_32_BIT_CONVERSION = YES;
				GCC_WARN_ABOUT_RETURN_TYPE = YES_ERROR;
				GCC_WARN_UNDECLARED_SELECTOR = YES;
				GCC_WARN_UNINITIALIZED_AUTOS = YES_AGGRESSIVE;
				GCC_WARN_UNUSED_FUNCTION = YES;
				GCC_WARN_UNUSED_VARIABLE = YES;
				IPHONEOS_DEPLOYMENT_TARGET = 17.2;
				LOCALIZATION_PREFERS_STRING_CATALOGS = YES;
				MTL_ENABLE_DEBUG_INFO = INCLUDE_SOURCE;
				MTL_FAST_MATH = YES;
				ONLY_ACTIVE_ARCH = YES;
				SDKROOT = iphoneos;
				SWIFT_ACTIVE_COMPILATION_CONDITIONS = "DEBUG $(inherited)";
				SWIFT_OPTIMIZATION_LEVEL = "-Onone";
			};
			name = Debug;
		};
		38646E682B44A369006753F2 /* Release */ = {
			isa = XCBuildConfiguration;
			buildSettings = {
				ALWAYS_SEARCH_USER_PATHS = NO;
				ASSETCATALOG_COMPILER_GENERATE_SWIFT_ASSET_SYMBOL_EXTENSIONS = YES;
				CLANG_ANALYZER_NONNULL = YES;
				CLANG_ANALYZER_NUMBER_OBJECT_CONVERSION = YES_AGGRESSIVE;
				CLANG_CXX_LANGUAGE_STANDARD = "gnu++20";
				CLANG_ENABLE_MODULES = YES;
				CLANG_ENABLE_OBJC_ARC = YES;
				CLANG_ENABLE_OBJC_WEAK = YES;
				CLANG_WARN_BLOCK_CAPTURE_AUTORELEASING = YES;
				CLANG_WARN_BOOL_CONVERSION = YES;
				CLANG_WARN_COMMA = YES;
				CLANG_WARN_CONSTANT_CONVERSION = YES;
				CLANG_WARN_DEPRECATED_OBJC_IMPLEMENTATIONS = YES;
				CLANG_WARN_DIRECT_OBJC_ISA_USAGE = YES_ERROR;
				CLANG_WARN_DOCUMENTATION_COMMENTS = YES;
				CLANG_WARN_EMPTY_BODY = YES;
				CLANG_WARN_ENUM_CONVERSION = YES;
				CLANG_WARN_INFINITE_RECURSION = YES;
				CLANG_WARN_INT_CONVERSION = YES;
				CLANG_WARN_NON_LITERAL_NULL_CONVERSION = YES;
				CLANG_WARN_OBJC_IMPLICIT_RETAIN_SELF = YES;
				CLANG_WARN_OBJC_LITERAL_CONVERSION = YES;
				CLANG_WARN_OBJC_ROOT_CLASS = YES_ERROR;
				CLANG_WARN_QUOTED_INCLUDE_IN_FRAMEWORK_HEADER = YES;
				CLANG_WARN_RANGE_LOOP_ANALYSIS = YES;
				CLANG_WARN_STRICT_PROTOTYPES = YES;
				CLANG_WARN_SUSPICIOUS_MOVE = YES;
				CLANG_WARN_UNGUARDED_AVAILABILITY = YES_AGGRESSIVE;
				CLANG_WARN_UNREACHABLE_CODE = YES;
				CLANG_WARN__DUPLICATE_METHOD_MATCH = YES;
				COPY_PHASE_STRIP = NO;
				DEBUG_INFORMATION_FORMAT = "dwarf-with-dsym";
				ENABLE_NS_ASSERTIONS = NO;
				ENABLE_STRICT_OBJC_MSGSEND = YES;
				ENABLE_USER_SCRIPT_SANDBOXING = YES;
				GCC_C_LANGUAGE_STANDARD = gnu17;
				GCC_NO_COMMON_BLOCKS = YES;
				GCC_WARN_64_TO_32_BIT_CONVERSION = YES;
				GCC_WARN_ABOUT_RETURN_TYPE = YES_ERROR;
				GCC_WARN_UNDECLARED_SELECTOR = YES;
				GCC_WARN_UNINITIALIZED_AUTOS = YES_AGGRESSIVE;
				GCC_WARN_UNUSED_FUNCTION = YES;
				GCC_WARN_UNUSED_VARIABLE = YES;
				IPHONEOS_DEPLOYMENT_TARGET = 17.2;
				LOCALIZATION_PREFERS_STRING_CATALOGS = YES;
				MTL_ENABLE_DEBUG_INFO = NO;
				MTL_FAST_MATH = YES;
				SDKROOT = iphoneos;
				SWIFT_COMPILATION_MODE = wholemodule;
				VALIDATE_PRODUCT = YES;
			};
			name = Release;
		};
		38646E6A2B44A369006753F2 /* Debug */ = {
			isa = XCBuildConfiguration;
			buildSettings = {
				ASSETCATALOG_COMPILER_APPICON_NAME = AppIcon;
				ASSETCATALOG_COMPILER_GLOBAL_ACCENT_COLOR_NAME = AccentColor;
				CODE_SIGN_STYLE = Automatic;
				CURRENT_PROJECT_VERSION = 1;
				DEVELOPMENT_TEAM = G7R3XMS3Z5;
				GENERATE_INFOPLIST_FILE = YES;
				INFOPLIST_FILE = TakeHomeApp/Info.plist;
				INFOPLIST_KEY_UIApplicationSupportsIndirectInputEvents = YES;
				INFOPLIST_KEY_UILaunchStoryboardName = LaunchScreen;
				INFOPLIST_KEY_UISupportedInterfaceOrientations = UIInterfaceOrientationPortrait;
				LD_RUNPATH_SEARCH_PATHS = (
					"$(inherited)",
					"@executable_path/Frameworks",
				);
				MARKETING_VERSION = 1.0;
				PRODUCT_BUNDLE_IDENTIFIER = io.LuizOliveira.TakeHomeApp;
				PRODUCT_NAME = "$(TARGET_NAME)";
				SWIFT_EMIT_LOC_STRINGS = YES;
				SWIFT_VERSION = 5.0;
				TARGETED_DEVICE_FAMILY = "1,2";
			};
			name = Debug;
		};
		38646E6B2B44A369006753F2 /* Release */ = {
			isa = XCBuildConfiguration;
			buildSettings = {
				ASSETCATALOG_COMPILER_APPICON_NAME = AppIcon;
				ASSETCATALOG_COMPILER_GLOBAL_ACCENT_COLOR_NAME = AccentColor;
				CODE_SIGN_STYLE = Automatic;
				CURRENT_PROJECT_VERSION = 1;
				DEVELOPMENT_TEAM = G7R3XMS3Z5;
				GENERATE_INFOPLIST_FILE = YES;
				INFOPLIST_FILE = TakeHomeApp/Info.plist;
				INFOPLIST_KEY_UIApplicationSupportsIndirectInputEvents = YES;
				INFOPLIST_KEY_UILaunchStoryboardName = LaunchScreen;
				INFOPLIST_KEY_UISupportedInterfaceOrientations = UIInterfaceOrientationPortrait;
				LD_RUNPATH_SEARCH_PATHS = (
					"$(inherited)",
					"@executable_path/Frameworks",
				);
				MARKETING_VERSION = 1.0;
				PRODUCT_BUNDLE_IDENTIFIER = io.LuizOliveira.TakeHomeApp;
				PRODUCT_NAME = "$(TARGET_NAME)";
				SWIFT_EMIT_LOC_STRINGS = YES;
				SWIFT_VERSION = 5.0;
				TARGETED_DEVICE_FAMILY = "1,2";
			};
			name = Release;
		};
/* End XCBuildConfiguration section */

/* Begin XCConfigurationList section */
		38646E502B44A367006753F2 /* Build configuration list for PBXProject "TakeHomeApp" */ = {
			isa = XCConfigurationList;
			buildConfigurations = (
				38646E672B44A369006753F2 /* Debug */,
				38646E682B44A369006753F2 /* Release */,
			);
			defaultConfigurationIsVisible = 0;
			defaultConfigurationName = Release;
		};
		38646E692B44A369006753F2 /* Build configuration list for PBXNativeTarget "TakeHomeApp" */ = {
			isa = XCConfigurationList;
			buildConfigurations = (
				38646E6A2B44A369006753F2 /* Debug */,
				38646E6B2B44A369006753F2 /* Release */,
			);
			defaultConfigurationIsVisible = 0;
			defaultConfigurationName = Release;
		};
/* End XCConfigurationList section */
	};
	rootObject = 38646E4D2B44A367006753F2 /* Project object */;
}
